Microsoft Visual Studio Solution File, Format Version 12.00
# Visual Studio Version 17
VisualStudioVersion = 17.5.2.0
MinimumVisualStudioVersion = 10.0.40219.1
Project("{FAE04EC0-301F-11D3-BF4B-00C04F79EFBC}") = "Alerty.Api", "Alerty.Api.csproj", "{F1A3F447-0C63-6AA2-2962-383AD66CED56}"
EndProject
Global
	GlobalSection(SolutionConfigurationPlatforms) = preSolution
		Debug|Any CPU = Debug|Any CPU
		Release|Any CPU = Release|Any CPU
	EndGlobalSection
	GlobalSection(ProjectConfigurationPlatforms) = postSolution
		{F1A3F447-0C63-6AA2-2962-383AD66CED56}.Debug|Any CPU.ActiveCfg = Debug|Any CPU
		{F1A3F447-0C63-6AA2-2962-383AD66CED56}.Debug|Any CPU.Build.0 = Debug|Any CPU
		{F1A3F447-0C63-6AA2-2962-383AD66CED56}.Release|Any CPU.ActiveCfg = Release|Any CPU
		{F1A3F447-0C63-6AA2-2962-383AD66CED56}.Release|Any CPU.Build.0 = Release|Any CPU
	EndGlobalSection
	GlobalSection(SolutionProperties) = preSolution
		HideSolutionNode = FALSE
	EndGlobalSection
	GlobalSection(ExtensibilityGlobals) = postSolution
		SolutionGuid = {A36E06E9-6472-476C-A6CE-A25F66884BCF}
	EndGlobalSection
EndGlobal
