
Microsoft Visual Studio Solution File, Format Version 12.00
# Visual Studio Version 17
VisualStudioVersion = 17.5.2.0
MinimumVisualStudioVersion = 10.0.40219.1
Project("{FAE04EC0-301F-11D3-BF4B-00C04F79EFBC}") = "Alerty.Api", "Alerty.Api.csproj", "{F1A3F447-0C63-6AA2-2962-383AD66CED56}"
EndProject
Project("{FAE04EC0-301F-11D3-BF4B-00C04F79EFBC}") = "Alerty.Tests", "Alerty.Tests\Alerty.Tests.csproj", "{45DE9D1F-0479-45D7-B84D-2B5419F15808}"
EndProject
Global
	GlobalSection(SolutionConfigurationPlatforms) = preSolution
		Debug|Any CPU = Debug|Any CPU
		Debug|x64 = Debug|x64
		Debug|x86 = Debug|x86
		Release|Any CPU = Release|Any CPU
		Release|x64 = Release|x64
		Release|x86 = Release|x86
	EndGlobalSection
	GlobalSection(ProjectConfigurationPlatforms) = postSolution
		{F1A3F447-0C63-6AA2-2962-383AD66CED56}.Debug|Any CPU.ActiveCfg = Debug|Any CPU
		{F1A3F447-0C63-6AA2-2962-383AD66CED56}.Debug|Any CPU.Build.0 = Debug|Any CPU
		{F1A3F447-0C63-6AA2-2962-383AD66CED56}.Debug|x64.ActiveCfg = Debug|Any CPU
		{F1A3F447-0C63-6AA2-2962-383AD66CED56}.Debug|x64.Build.0 = Debug|Any CPU
		{F1A3F447-0C63-6AA2-2962-383AD66CED56}.Debug|x86.ActiveCfg = Debug|Any CPU
		{F1A3F447-0C63-6AA2-2962-383AD66CED56}.Debug|x86.Build.0 = Debug|Any CPU
		{F1A3F447-0C63-6AA2-2962-383AD66CED56}.Release|Any CPU.ActiveCfg = Release|Any CPU
		{F1A3F447-0C63-6AA2-2962-383AD66CED56}.Release|Any CPU.Build.0 = Release|Any CPU
		{F1A3F447-0C63-6AA2-2962-383AD66CED56}.Release|x64.ActiveCfg = Release|Any CPU
		{F1A3F447-0C63-6AA2-2962-383AD66CED56}.Release|x64.Build.0 = Release|Any CPU
		{F1A3F447-0C63-6AA2-2962-383AD66CED56}.Release|x86.ActiveCfg = Release|Any CPU
		{F1A3F447-0C63-6AA2-2962-383AD66CED56}.Release|x86.Build.0 = Release|Any CPU
		{45DE9D1F-0479-45D7-B84D-2B5419F15808}.Debug|Any CPU.ActiveCfg = Debug|Any CPU
		{45DE9D1F-0479-45D7-B84D-2B5419F15808}.Debug|Any CPU.Build.0 = Debug|Any CPU
		{45DE9D1F-0479-45D7-B84D-2B5419F15808}.Debug|x64.ActiveCfg = Debug|Any CPU
		{45DE9D1F-0479-45D7-B84D-2B5419F15808}.Debug|x64.Build.0 = Debug|Any CPU
		{45DE9D1F-0479-45D7-B84D-2B5419F15808}.Debug|x86.ActiveCfg = Debug|Any CPU
		{45DE9D1F-0479-45D7-B84D-2B5419F15808}.Debug|x86.Build.0 = Debug|Any CPU
		{45DE9D1F-0479-45D7-B84D-2B5419F15808}.Release|Any CPU.ActiveCfg = Release|Any CPU
		{45DE9D1F-0479-45D7-B84D-2B5419F15808}.Release|Any CPU.Build.0 = Release|Any CPU
		{45DE9D1F-0479-45D7-B84D-2B5419F15808}.Release|x64.ActiveCfg = Release|Any CPU
		{45DE9D1F-0479-45D7-B84D-2B5419F15808}.Release|x64.Build.0 = Release|Any CPU
		{45DE9D1F-0479-45D7-B84D-2B5419F15808}.Release|x86.ActiveCfg = Release|Any CPU
		{45DE9D1F-0479-45D7-B84D-2B5419F15808}.Release|x86.Build.0 = Release|Any CPU
	EndGlobalSection
	GlobalSection(SolutionProperties) = preSolution
		HideSolutionNode = FALSE
	EndGlobalSection
	GlobalSection(ExtensibilityGlobals) = postSolution
		SolutionGuid = {A36E06E9-6472-476C-A6CE-A25F66884BCF}
	EndGlobalSection
EndGlobal
